
Microsoft Visual Studio Solution File, Format Version 12.00
# Visual Studio Version 17
VisualStudioVersion = 17.4.33205.214
MinimumVisualStudioVersion = 10.0.40219.1
Project("{FAE04EC0-301F-11D3-BF4B-00C04F79EFBC}") = "Trainee2023", "Trainee2023\Trainee2023.csproj", "{21D1A2B6-17AF-4779-B921-0F06FC18B717}"
EndProject
Project("{2150E333-8FDC-42A3-9474-1A3956D46DE8}") = "2023", "2023", "{F0B6CCF3-8E91-4D64-B259-C6C084FAAAE5}"
	ProjectSection(SolutionItems) = preProject
		Shubham.txt = Shubham.txt
	EndProjectSection
EndProject
Global
	GlobalSection(SolutionConfigurationPlatforms) = preSolution
		Debug|Any CPU = Debug|Any CPU
		Release|Any CPU = Release|Any CPU
	EndGlobalSection
	GlobalSection(ProjectConfigurationPlatforms) = postSolution
		{21D1A2B6-17AF-4779-B921-0F06FC18B717}.Debug|Any CPU.ActiveCfg = Debug|Any CPU
		{21D1A2B6-17AF-4779-B921-0F06FC18B717}.Debug|Any CPU.Build.0 = Debug|Any CPU
		{21D1A2B6-17AF-4779-B921-0F06FC18B717}.Release|Any CPU.ActiveCfg = Release|Any CPU
		{21D1A2B6-17AF-4779-B921-0F06FC18B717}.Release|Any CPU.Build.0 = Release|Any CPU
	EndGlobalSection
	GlobalSection(SolutionProperties) = preSolution
		HideSolutionNode = FALSE
	EndGlobalSection
	GlobalSection(ExtensibilityGlobals) = postSolution
		SolutionGuid = {EAD2941E-E5A7-4754-9EAD-84922852F747}
	EndGlobalSection
EndGlobal
